
Microsoft Visual Studio Solution File, Format Version 12.00
# Visual Studio 15
VisualStudioVersion = 15.0.26621.2
MinimumVisualStudioVersion = 10.0.40219.1
Project("{9A19103F-16F7-4668-BE54-9A1E7A4F7556}") = "raft.net", "raft.net.csproj", "{DD454106-1257-40E0-BC00-FB6672B95612}"
EndProject
Global
	GlobalSection(SolutionConfigurationPlatforms) = preSolution
		Debug|Any CPU = Debug|Any CPU
		Release|Any CPU = Release|Any CPU
	EndGlobalSection
	GlobalSection(ProjectConfigurationPlatforms) = postSolution
		{DD454106-1257-40E0-BC00-FB6672B95612}.Debug|Any CPU.ActiveCfg = Debug|Any CPU
		{DD454106-1257-40E0-BC00-FB6672B95612}.Debug|Any CPU.Build.0 = Debug|Any CPU
		{DD454106-1257-40E0-BC00-FB6672B95612}.Release|Any CPU.ActiveCfg = Release|Any CPU
		{DD454106-1257-40E0-BC00-FB6672B95612}.Release|Any CPU.Build.0 = Release|Any CPU
	EndGlobalSection
	GlobalSection(SolutionProperties) = preSolution
		HideSolutionNode = FALSE
	EndGlobalSection
	GlobalSection(ExtensibilityGlobals) = postSolution
		SolutionGuid = {7126A044-5F8B-48BE-AFDE-F926B7DF2153}
	EndGlobalSection
EndGlobal
